// !$*UTF8*$!
{
	archiveVersion = 1;
	classes = {
	};
	objectVersion = 56;
	objects = {

/* Begin PBXBuildFile section */
		DCB878B02C6DF1B200A88AAD /* Mini3_AsthmaAppApp.swift in Sources */ = {isa = PBXBuildFile; fileRef = DCB878AF2C6DF1B200A88AAD /* Mini3_AsthmaAppApp.swift */; };
		DCB878B22C6DF1B200A88AAD /* ContentView.swift in Sources */ = {isa = PBXBuildFile; fileRef = DCB878B12C6DF1B200A88AAD /* ContentView.swift */; };
		DCB878B42C6DF1B400A88AAD /* Assets.xcassets in Resources */ = {isa = PBXBuildFile; fileRef = DCB878B32C6DF1B400A88AAD /* Assets.xcassets */; };
		DCB878B72C6DF1B400A88AAD /* Preview Assets.xcassets in Resources */ = {isa = PBXBuildFile; fileRef = DCB878B62C6DF1B400A88AAD /* Preview Assets.xcassets */; };
		DCB878C12C6DF1B400A88AAD /* Mini3_AsthmaAppTests.swift in Sources */ = {isa = PBXBuildFile; fileRef = DCB878C02C6DF1B400A88AAD /* Mini3_AsthmaAppTests.swift */; };
		DCB878CB2C6DF1B400A88AAD /* Mini3_AsthmaAppUITests.swift in Sources */ = {isa = PBXBuildFile; fileRef = DCB878CA2C6DF1B400A88AAD /* Mini3_AsthmaAppUITests.swift */; };
		DCB878CD2C6DF1B400A88AAD /* Mini3_AsthmaAppUITestsLaunchTests.swift in Sources */ = {isa = PBXBuildFile; fileRef = DCB878CC2C6DF1B400A88AAD /* Mini3_AsthmaAppUITestsLaunchTests.swift */; };
		DCB878D32C6DF1B400A88AAD /* Mini3_AsthmaApp Watch App.app in Embed Watch Content */ = {isa = PBXBuildFile; fileRef = DCB878D22C6DF1B400A88AAD /* Mini3_AsthmaApp Watch App.app */; settings = {ATTRIBUTES = (RemoveHeadersOnCopy, ); }; };
		DCB878D82C6DF1B400A88AAD /* Mini3_AsthmaAppApp.swift in Sources */ = {isa = PBXBuildFile; fileRef = DCB878D72C6DF1B400A88AAD /* Mini3_AsthmaAppApp.swift */; };
		DCB878DA2C6DF1B400A88AAD /* ContentView.swift in Sources */ = {isa = PBXBuildFile; fileRef = DCB878D92C6DF1B400A88AAD /* ContentView.swift */; };
		DCB878DC2C6DF1B500A88AAD /* Assets.xcassets in Resources */ = {isa = PBXBuildFile; fileRef = DCB878DB2C6DF1B500A88AAD /* Assets.xcassets */; };
		DCB878DF2C6DF1B500A88AAD /* Preview Assets.xcassets in Resources */ = {isa = PBXBuildFile; fileRef = DCB878DE2C6DF1B500A88AAD /* Preview Assets.xcassets */; };
		DCB878E92C6DF1B500A88AAD /* Mini3_AsthmaApp_Watch_AppTests.swift in Sources */ = {isa = PBXBuildFile; fileRef = DCB878E82C6DF1B500A88AAD /* Mini3_AsthmaApp_Watch_AppTests.swift */; };
		DCB878F32C6DF1B500A88AAD /* Mini3_AsthmaApp_Watch_AppUITests.swift in Sources */ = {isa = PBXBuildFile; fileRef = DCB878F22C6DF1B500A88AAD /* Mini3_AsthmaApp_Watch_AppUITests.swift */; };
		DCB878F52C6DF1B500A88AAD /* Mini3_AsthmaApp_Watch_AppUITestsLaunchTests.swift in Sources */ = {isa = PBXBuildFile; fileRef = DCB878F42C6DF1B500A88AAD /* Mini3_AsthmaApp_Watch_AppUITestsLaunchTests.swift */; };
		DCB879102C6DF34100A88AAD /* LocalExerciseRepository.swift in Sources */ = {isa = PBXBuildFile; fileRef = DCB8790F2C6DF34100A88AAD /* LocalExerciseRepository.swift */; };
		DCB879112C6DF34100A88AAD /* LocalExerciseRepository.swift in Sources */ = {isa = PBXBuildFile; fileRef = DCB8790F2C6DF34100A88AAD /* LocalExerciseRepository.swift */; };
		DCB879122C6DF34100A88AAD /* LocalExerciseRepository.swift in Sources */ = {isa = PBXBuildFile; fileRef = DCB8790F2C6DF34100A88AAD /* LocalExerciseRepository.swift */; };
		DCB879132C6DF34100A88AAD /* LocalExerciseRepository.swift in Sources */ = {isa = PBXBuildFile; fileRef = DCB8790F2C6DF34100A88AAD /* LocalExerciseRepository.swift */; };
		DCB879142C6DF34100A88AAD /* LocalExerciseRepository.swift in Sources */ = {isa = PBXBuildFile; fileRef = DCB8790F2C6DF34100A88AAD /* LocalExerciseRepository.swift */; };
		DCB879152C6DF34100A88AAD /* LocalExerciseRepository.swift in Sources */ = {isa = PBXBuildFile; fileRef = DCB8790F2C6DF34100A88AAD /* LocalExerciseRepository.swift */; };
		DCB8791A2C6DF3C700A88AAD /* ExerciseModel.swift in Sources */ = {isa = PBXBuildFile; fileRef = DCB879192C6DF3C700A88AAD /* ExerciseModel.swift */; };
		DCB8791B2C6DF3C700A88AAD /* ExerciseModel.swift in Sources */ = {isa = PBXBuildFile; fileRef = DCB879192C6DF3C700A88AAD /* ExerciseModel.swift */; };
		DCB8791C2C6DF3C700A88AAD /* ExerciseModel.swift in Sources */ = {isa = PBXBuildFile; fileRef = DCB879192C6DF3C700A88AAD /* ExerciseModel.swift */; };
		DCB8791D2C6DF3C700A88AAD /* ExerciseModel.swift in Sources */ = {isa = PBXBuildFile; fileRef = DCB879192C6DF3C700A88AAD /* ExerciseModel.swift */; };
		DCB8791E2C6DF3C700A88AAD /* ExerciseModel.swift in Sources */ = {isa = PBXBuildFile; fileRef = DCB879192C6DF3C700A88AAD /* ExerciseModel.swift */; };
		DCB8791F2C6DF3C700A88AAD /* ExerciseModel.swift in Sources */ = {isa = PBXBuildFile; fileRef = DCB879192C6DF3C700A88AAD /* ExerciseModel.swift */; };
		DCB879232C6DF69D00A88AAD /* SwiftDataContextManager.swift in Sources */ = {isa = PBXBuildFile; fileRef = DCB879222C6DF69D00A88AAD /* SwiftDataContextManager.swift */; };
		DCB879242C6DF69D00A88AAD /* SwiftDataContextManager.swift in Sources */ = {isa = PBXBuildFile; fileRef = DCB879222C6DF69D00A88AAD /* SwiftDataContextManager.swift */; };
		DCB879252C6DF69D00A88AAD /* SwiftDataContextManager.swift in Sources */ = {isa = PBXBuildFile; fileRef = DCB879222C6DF69D00A88AAD /* SwiftDataContextManager.swift */; };
		DCB879262C6DF69D00A88AAD /* SwiftDataContextManager.swift in Sources */ = {isa = PBXBuildFile; fileRef = DCB879222C6DF69D00A88AAD /* SwiftDataContextManager.swift */; };
		DCB879272C6DF69D00A88AAD /* SwiftDataContextManager.swift in Sources */ = {isa = PBXBuildFile; fileRef = DCB879222C6DF69D00A88AAD /* SwiftDataContextManager.swift */; };
		DCB879282C6DF69D00A88AAD /* SwiftDataContextManager.swift in Sources */ = {isa = PBXBuildFile; fileRef = DCB879222C6DF69D00A88AAD /* SwiftDataContextManager.swift */; };
		DCB8792B2C6DF73600A88AAD /* ExerciseLocalEntity.swift in Sources */ = {isa = PBXBuildFile; fileRef = DCB8792A2C6DF73600A88AAD /* ExerciseLocalEntity.swift */; };
		DCB8792C2C6DF73600A88AAD /* ExerciseLocalEntity.swift in Sources */ = {isa = PBXBuildFile; fileRef = DCB8792A2C6DF73600A88AAD /* ExerciseLocalEntity.swift */; };
		DCB8792D2C6DF73600A88AAD /* ExerciseLocalEntity.swift in Sources */ = {isa = PBXBuildFile; fileRef = DCB8792A2C6DF73600A88AAD /* ExerciseLocalEntity.swift */; };
		DCB8792E2C6DF73600A88AAD /* ExerciseLocalEntity.swift in Sources */ = {isa = PBXBuildFile; fileRef = DCB8792A2C6DF73600A88AAD /* ExerciseLocalEntity.swift */; };
		DCB8792F2C6DF73600A88AAD /* ExerciseLocalEntity.swift in Sources */ = {isa = PBXBuildFile; fileRef = DCB8792A2C6DF73600A88AAD /* ExerciseLocalEntity.swift */; };
		DCB879302C6DF73600A88AAD /* ExerciseLocalEntity.swift in Sources */ = {isa = PBXBuildFile; fileRef = DCB8792A2C6DF73600A88AAD /* ExerciseLocalEntity.swift */; };
		DCB879322C6DFAED00A88AAD /* UserLocalEntity.swift in Sources */ = {isa = PBXBuildFile; fileRef = DCB879312C6DFAED00A88AAD /* UserLocalEntity.swift */; };
		DCB879332C6DFAED00A88AAD /* UserLocalEntity.swift in Sources */ = {isa = PBXBuildFile; fileRef = DCB879312C6DFAED00A88AAD /* UserLocalEntity.swift */; };
		DCB879342C6DFAED00A88AAD /* UserLocalEntity.swift in Sources */ = {isa = PBXBuildFile; fileRef = DCB879312C6DFAED00A88AAD /* UserLocalEntity.swift */; };
		DCB879352C6DFAED00A88AAD /* UserLocalEntity.swift in Sources */ = {isa = PBXBuildFile; fileRef = DCB879312C6DFAED00A88AAD /* UserLocalEntity.swift */; };
		DCB879362C6DFAED00A88AAD /* UserLocalEntity.swift in Sources */ = {isa = PBXBuildFile; fileRef = DCB879312C6DFAED00A88AAD /* UserLocalEntity.swift */; };
		DCB879372C6DFAED00A88AAD /* UserLocalEntity.swift in Sources */ = {isa = PBXBuildFile; fileRef = DCB879312C6DFAED00A88AAD /* UserLocalEntity.swift */; };
		DCB879392C6DFC7500A88AAD /* UserModel.swift in Sources */ = {isa = PBXBuildFile; fileRef = DCB879382C6DFC7500A88AAD /* UserModel.swift */; };
		DCB8793A2C6DFC7500A88AAD /* UserModel.swift in Sources */ = {isa = PBXBuildFile; fileRef = DCB879382C6DFC7500A88AAD /* UserModel.swift */; };
		DCB8793B2C6DFC7500A88AAD /* UserModel.swift in Sources */ = {isa = PBXBuildFile; fileRef = DCB879382C6DFC7500A88AAD /* UserModel.swift */; };
		DCB8793C2C6DFC7500A88AAD /* UserModel.swift in Sources */ = {isa = PBXBuildFile; fileRef = DCB879382C6DFC7500A88AAD /* UserModel.swift */; };
		DCB8793D2C6DFC7500A88AAD /* UserModel.swift in Sources */ = {isa = PBXBuildFile; fileRef = DCB879382C6DFC7500A88AAD /* UserModel.swift */; };
		DCB8793E2C6DFC7500A88AAD /* UserModel.swift in Sources */ = {isa = PBXBuildFile; fileRef = DCB879382C6DFC7500A88AAD /* UserModel.swift */; };
		DCB879402C6E06AD00A88AAD /* LocalUserRepository.swift in Sources */ = {isa = PBXBuildFile; fileRef = DCB8793F2C6E06AD00A88AAD /* LocalUserRepository.swift */; };
		DCB879412C6E06AD00A88AAD /* LocalUserRepository.swift in Sources */ = {isa = PBXBuildFile; fileRef = DCB8793F2C6E06AD00A88AAD /* LocalUserRepository.swift */; };
		DCB879422C6E06AD00A88AAD /* LocalUserRepository.swift in Sources */ = {isa = PBXBuildFile; fileRef = DCB8793F2C6E06AD00A88AAD /* LocalUserRepository.swift */; };
		DCB879432C6E06AD00A88AAD /* LocalUserRepository.swift in Sources */ = {isa = PBXBuildFile; fileRef = DCB8793F2C6E06AD00A88AAD /* LocalUserRepository.swift */; };
		DCB879442C6E06AD00A88AAD /* LocalUserRepository.swift in Sources */ = {isa = PBXBuildFile; fileRef = DCB8793F2C6E06AD00A88AAD /* LocalUserRepository.swift */; };
		DCB879452C6E06AD00A88AAD /* LocalUserRepository.swift in Sources */ = {isa = PBXBuildFile; fileRef = DCB8793F2C6E06AD00A88AAD /* LocalUserRepository.swift */; };
		DCB879472C6E17B700A88AAD /* DefaultExerciseUseCase.swift in Sources */ = {isa = PBXBuildFile; fileRef = DCB879462C6E17B700A88AAD /* DefaultExerciseUseCase.swift */; };
		DCB879482C6E17B700A88AAD /* DefaultExerciseUseCase.swift in Sources */ = {isa = PBXBuildFile; fileRef = DCB879462C6E17B700A88AAD /* DefaultExerciseUseCase.swift */; };
		DCB879492C6E17B700A88AAD /* DefaultExerciseUseCase.swift in Sources */ = {isa = PBXBuildFile; fileRef = DCB879462C6E17B700A88AAD /* DefaultExerciseUseCase.swift */; };
		DCB8794A2C6E17B700A88AAD /* DefaultExerciseUseCase.swift in Sources */ = {isa = PBXBuildFile; fileRef = DCB879462C6E17B700A88AAD /* DefaultExerciseUseCase.swift */; };
		DCB8794B2C6E17B700A88AAD /* DefaultExerciseUseCase.swift in Sources */ = {isa = PBXBuildFile; fileRef = DCB879462C6E17B700A88AAD /* DefaultExerciseUseCase.swift */; };
		DCB8794C2C6E17B700A88AAD /* DefaultExerciseUseCase.swift in Sources */ = {isa = PBXBuildFile; fileRef = DCB879462C6E17B700A88AAD /* DefaultExerciseUseCase.swift */; };
		DCB8794F2C6E182000A88AAD /* DefaultUserUseCase.swift in Sources */ = {isa = PBXBuildFile; fileRef = DCB8794E2C6E182000A88AAD /* DefaultUserUseCase.swift */; };
		DCB879502C6E182000A88AAD /* DefaultUserUseCase.swift in Sources */ = {isa = PBXBuildFile; fileRef = DCB8794E2C6E182000A88AAD /* DefaultUserUseCase.swift */; };
		DCB879512C6E182000A88AAD /* DefaultUserUseCase.swift in Sources */ = {isa = PBXBuildFile; fileRef = DCB8794E2C6E182000A88AAD /* DefaultUserUseCase.swift */; };
		DCB879522C6E182000A88AAD /* DefaultUserUseCase.swift in Sources */ = {isa = PBXBuildFile; fileRef = DCB8794E2C6E182000A88AAD /* DefaultUserUseCase.swift */; };
		DCB879532C6E182000A88AAD /* DefaultUserUseCase.swift in Sources */ = {isa = PBXBuildFile; fileRef = DCB8794E2C6E182000A88AAD /* DefaultUserUseCase.swift */; };
		DCB879542C6E182000A88AAD /* DefaultUserUseCase.swift in Sources */ = {isa = PBXBuildFile; fileRef = DCB8794E2C6E182000A88AAD /* DefaultUserUseCase.swift */; };
		DCB8796B2C6F2F7700A88AAD /* WorkoutManager.swift in Sources */ = {isa = PBXBuildFile; fileRef = DCB8796A2C6F2F7700A88AAD /* WorkoutManager.swift */; };
		DCB8796C2C6F2F7F00A88AAD /* WorkoutManager.swift in Sources */ = {isa = PBXBuildFile; fileRef = DCB8796A2C6F2F7700A88AAD /* WorkoutManager.swift */; };
		DCB8796D2C6F2F7F00A88AAD /* WorkoutManager.swift in Sources */ = {isa = PBXBuildFile; fileRef = DCB8796A2C6F2F7700A88AAD /* WorkoutManager.swift */; };
		DCB8796E2C6F2F8000A88AAD /* WorkoutManager.swift in Sources */ = {isa = PBXBuildFile; fileRef = DCB8796A2C6F2F7700A88AAD /* WorkoutManager.swift */; };
		DCB8796F2C6F2F8000A88AAD /* WorkoutManager.swift in Sources */ = {isa = PBXBuildFile; fileRef = DCB8796A2C6F2F7700A88AAD /* WorkoutManager.swift */; };
		DCB879702C6F2F8100A88AAD /* WorkoutManager.swift in Sources */ = {isa = PBXBuildFile; fileRef = DCB8796A2C6F2F7700A88AAD /* WorkoutManager.swift */; };
		DCB879732C6F300C00A88AAD /* Logger.swift in Sources */ = {isa = PBXBuildFile; fileRef = DCB879722C6F300C00A88AAD /* Logger.swift */; };
		DCB879742C6F303E00A88AAD /* Logger.swift in Sources */ = {isa = PBXBuildFile; fileRef = DCB879722C6F300C00A88AAD /* Logger.swift */; };
		DCB879752C6F303F00A88AAD /* Logger.swift in Sources */ = {isa = PBXBuildFile; fileRef = DCB879722C6F300C00A88AAD /* Logger.swift */; };
		DCB879762C6F304000A88AAD /* Logger.swift in Sources */ = {isa = PBXBuildFile; fileRef = DCB879722C6F300C00A88AAD /* Logger.swift */; };
		DCB879772C6F304000A88AAD /* Logger.swift in Sources */ = {isa = PBXBuildFile; fileRef = DCB879722C6F300C00A88AAD /* Logger.swift */; };
		DCB879782C6F304100A88AAD /* Logger.swift in Sources */ = {isa = PBXBuildFile; fileRef = DCB879722C6F300C00A88AAD /* Logger.swift */; };
		DCB8797A2C6F307700A88AAD /* WorkoutManager+watchOS.swift in Sources */ = {isa = PBXBuildFile; fileRef = DCB879792C6F307700A88AAD /* WorkoutManager+watchOS.swift */; };
		DCB8797D2C6F30A100A88AAD /* WorkoutManager+iOS.swift in Sources */ = {isa = PBXBuildFile; fileRef = DCB8797B2C6F308600A88AAD /* WorkoutManager+iOS.swift */; };
		DCB879802C6F522E00A88AAD /* HomeView.swift in Sources */ = {isa = PBXBuildFile; fileRef = DCB8797F2C6F522E00A88AAD /* HomeView.swift */; };
		DCB879822C6F525000A88AAD /* HomeViewModel.swift in Sources */ = {isa = PBXBuildFile; fileRef = DCB879812C6F525000A88AAD /* HomeViewModel.swift */; };
		DCB879852C6F619900A88AAD /* MirroringWorkoutView.swift in Sources */ = {isa = PBXBuildFile; fileRef = DCB879842C6F619900A88AAD /* MirroringWorkoutView.swift */; };
		DCB879872C6F6A2300A88AAD /* MirroringWorkoutViewModel.swift in Sources */ = {isa = PBXBuildFile; fileRef = DCB879862C6F6A2300A88AAD /* MirroringWorkoutViewModel.swift */; };
		DCB879892C6F6E1B00A88AAD /* AppDelegate.swift in Sources */ = {isa = PBXBuildFile; fileRef = DCB879882C6F6E1B00A88AAD /* AppDelegate.swift */; };
		DCB8798B2C6F6F1000A88AAD /* ControlsView.swift in Sources */ = {isa = PBXBuildFile; fileRef = DCB8798A2C6F6F1000A88AAD /* ControlsView.swift */; };
		DCB8798D2C6F6F1D00A88AAD /* MetricsView.swift in Sources */ = {isa = PBXBuildFile; fileRef = DCB8798C2C6F6F1D00A88AAD /* MetricsView.swift */; };
		DCB8798F2C6F6F2F00A88AAD /* SummaryView.swift in Sources */ = {isa = PBXBuildFile; fileRef = DCB8798E2C6F6F2F00A88AAD /* SummaryView.swift */; };
		DCB879912C6F7CA200A88AAD /* ExerciseDetailView.swift in Sources */ = {isa = PBXBuildFile; fileRef = DCB879902C6F7CA200A88AAD /* ExerciseDetailView.swift */; };
/* End PBXBuildFile section */

/* Begin PBXContainerItemProxy section */
		DCB878BD2C6DF1B400A88AAD /* PBXContainerItemProxy */ = {
			isa = PBXContainerItemProxy;
			containerPortal = DCB878A42C6DF1B200A88AAD /* Project object */;
			proxyType = 1;
			remoteGlobalIDString = DCB878AB2C6DF1B200A88AAD;
			remoteInfo = Mini3_AsthmaApp;
		};
		DCB878C72C6DF1B400A88AAD /* PBXContainerItemProxy */ = {
			isa = PBXContainerItemProxy;
			containerPortal = DCB878A42C6DF1B200A88AAD /* Project object */;
			proxyType = 1;
			remoteGlobalIDString = DCB878AB2C6DF1B200A88AAD;
			remoteInfo = Mini3_AsthmaApp;
		};
		DCB878D42C6DF1B400A88AAD /* PBXContainerItemProxy */ = {
			isa = PBXContainerItemProxy;
			containerPortal = DCB878A42C6DF1B200A88AAD /* Project object */;
			proxyType = 1;
			remoteGlobalIDString = DCB878D12C6DF1B400A88AAD;
			remoteInfo = "Mini3_AsthmaApp Watch App";
		};
		DCB878E52C6DF1B500A88AAD /* PBXContainerItemProxy */ = {
			isa = PBXContainerItemProxy;
			containerPortal = DCB878A42C6DF1B200A88AAD /* Project object */;
			proxyType = 1;
			remoteGlobalIDString = DCB878D12C6DF1B400A88AAD;
			remoteInfo = "Mini3_AsthmaApp Watch App";
		};
		DCB878EF2C6DF1B500A88AAD /* PBXContainerItemProxy */ = {
			isa = PBXContainerItemProxy;
			containerPortal = DCB878A42C6DF1B200A88AAD /* Project object */;
			proxyType = 1;
			remoteGlobalIDString = DCB878D12C6DF1B400A88AAD;
			remoteInfo = "Mini3_AsthmaApp Watch App";
		};
/* End PBXContainerItemProxy section */

/* Begin PBXCopyFilesBuildPhase section */
		DCB878FB2C6DF1B500A88AAD /* Embed Watch Content */ = {
			isa = PBXCopyFilesBuildPhase;
			buildActionMask = 2147483647;
			dstPath = "$(CONTENTS_FOLDER_PATH)/Watch";
			dstSubfolderSpec = 16;
			files = (
				DCB878D32C6DF1B400A88AAD /* Mini3_AsthmaApp Watch App.app in Embed Watch Content */,
			);
			name = "Embed Watch Content";
			runOnlyForDeploymentPostprocessing = 0;
		};
/* End PBXCopyFilesBuildPhase section */

/* Begin PBXFileReference section */
		DCB878AC2C6DF1B200A88AAD /* Mini3_AsthmaApp.app */ = {isa = PBXFileReference; explicitFileType = wrapper.application; includeInIndex = 0; path = Mini3_AsthmaApp.app; sourceTree = BUILT_PRODUCTS_DIR; };
		DCB878AF2C6DF1B200A88AAD /* Mini3_AsthmaAppApp.swift */ = {isa = PBXFileReference; lastKnownFileType = sourcecode.swift; path = Mini3_AsthmaAppApp.swift; sourceTree = "<group>"; };
		DCB878B12C6DF1B200A88AAD /* ContentView.swift */ = {isa = PBXFileReference; lastKnownFileType = sourcecode.swift; path = ContentView.swift; sourceTree = "<group>"; };
		DCB878B32C6DF1B400A88AAD /* Assets.xcassets */ = {isa = PBXFileReference; lastKnownFileType = folder.assetcatalog; path = Assets.xcassets; sourceTree = "<group>"; };
		DCB878B62C6DF1B400A88AAD /* Preview Assets.xcassets */ = {isa = PBXFileReference; lastKnownFileType = folder.assetcatalog; path = "Preview Assets.xcassets"; sourceTree = "<group>"; };
		DCB878BC2C6DF1B400A88AAD /* Mini3_AsthmaAppTests.xctest */ = {isa = PBXFileReference; explicitFileType = wrapper.cfbundle; includeInIndex = 0; path = Mini3_AsthmaAppTests.xctest; sourceTree = BUILT_PRODUCTS_DIR; };
		DCB878C02C6DF1B400A88AAD /* Mini3_AsthmaAppTests.swift */ = {isa = PBXFileReference; lastKnownFileType = sourcecode.swift; path = Mini3_AsthmaAppTests.swift; sourceTree = "<group>"; };
		DCB878C62C6DF1B400A88AAD /* Mini3_AsthmaAppUITests.xctest */ = {isa = PBXFileReference; explicitFileType = wrapper.cfbundle; includeInIndex = 0; path = Mini3_AsthmaAppUITests.xctest; sourceTree = BUILT_PRODUCTS_DIR; };
		DCB878CA2C6DF1B400A88AAD /* Mini3_AsthmaAppUITests.swift */ = {isa = PBXFileReference; lastKnownFileType = sourcecode.swift; path = Mini3_AsthmaAppUITests.swift; sourceTree = "<group>"; };
		DCB878CC2C6DF1B400A88AAD /* Mini3_AsthmaAppUITestsLaunchTests.swift */ = {isa = PBXFileReference; lastKnownFileType = sourcecode.swift; path = Mini3_AsthmaAppUITestsLaunchTests.swift; sourceTree = "<group>"; };
		DCB878D22C6DF1B400A88AAD /* Mini3_AsthmaApp Watch App.app */ = {isa = PBXFileReference; explicitFileType = wrapper.application; includeInIndex = 0; path = "Mini3_AsthmaApp Watch App.app"; sourceTree = BUILT_PRODUCTS_DIR; };
		DCB878D72C6DF1B400A88AAD /* Mini3_AsthmaAppApp.swift */ = {isa = PBXFileReference; lastKnownFileType = sourcecode.swift; path = Mini3_AsthmaAppApp.swift; sourceTree = "<group>"; };
		DCB878D92C6DF1B400A88AAD /* ContentView.swift */ = {isa = PBXFileReference; lastKnownFileType = sourcecode.swift; path = ContentView.swift; sourceTree = "<group>"; };
		DCB878DB2C6DF1B500A88AAD /* Assets.xcassets */ = {isa = PBXFileReference; lastKnownFileType = folder.assetcatalog; path = Assets.xcassets; sourceTree = "<group>"; };
		DCB878DE2C6DF1B500A88AAD /* Preview Assets.xcassets */ = {isa = PBXFileReference; lastKnownFileType = folder.assetcatalog; path = "Preview Assets.xcassets"; sourceTree = "<group>"; };
		DCB878E42C6DF1B500A88AAD /* Mini3_AsthmaApp Watch AppTests.xctest */ = {isa = PBXFileReference; explicitFileType = wrapper.cfbundle; includeInIndex = 0; path = "Mini3_AsthmaApp Watch AppTests.xctest"; sourceTree = BUILT_PRODUCTS_DIR; };
		DCB878E82C6DF1B500A88AAD /* Mini3_AsthmaApp_Watch_AppTests.swift */ = {isa = PBXFileReference; lastKnownFileType = sourcecode.swift; path = Mini3_AsthmaApp_Watch_AppTests.swift; sourceTree = "<group>"; };
		DCB878EE2C6DF1B500A88AAD /* Mini3_AsthmaApp Watch AppUITests.xctest */ = {isa = PBXFileReference; explicitFileType = wrapper.cfbundle; includeInIndex = 0; path = "Mini3_AsthmaApp Watch AppUITests.xctest"; sourceTree = BUILT_PRODUCTS_DIR; };
		DCB878F22C6DF1B500A88AAD /* Mini3_AsthmaApp_Watch_AppUITests.swift */ = {isa = PBXFileReference; lastKnownFileType = sourcecode.swift; path = Mini3_AsthmaApp_Watch_AppUITests.swift; sourceTree = "<group>"; };
		DCB878F42C6DF1B500A88AAD /* Mini3_AsthmaApp_Watch_AppUITestsLaunchTests.swift */ = {isa = PBXFileReference; lastKnownFileType = sourcecode.swift; path = Mini3_AsthmaApp_Watch_AppUITestsLaunchTests.swift; sourceTree = "<group>"; };
		DCB8790F2C6DF34100A88AAD /* LocalExerciseRepository.swift */ = {isa = PBXFileReference; lastKnownFileType = sourcecode.swift; path = LocalExerciseRepository.swift; sourceTree = "<group>"; };
		DCB879192C6DF3C700A88AAD /* ExerciseModel.swift */ = {isa = PBXFileReference; lastKnownFileType = sourcecode.swift; path = ExerciseModel.swift; sourceTree = "<group>"; };
		DCB879222C6DF69D00A88AAD /* SwiftDataContextManager.swift */ = {isa = PBXFileReference; lastKnownFileType = sourcecode.swift; path = SwiftDataContextManager.swift; sourceTree = "<group>"; };
		DCB8792A2C6DF73600A88AAD /* ExerciseLocalEntity.swift */ = {isa = PBXFileReference; lastKnownFileType = sourcecode.swift; path = ExerciseLocalEntity.swift; sourceTree = "<group>"; };
		DCB879312C6DFAED00A88AAD /* UserLocalEntity.swift */ = {isa = PBXFileReference; lastKnownFileType = sourcecode.swift; path = UserLocalEntity.swift; sourceTree = "<group>"; };
		DCB879382C6DFC7500A88AAD /* UserModel.swift */ = {isa = PBXFileReference; lastKnownFileType = sourcecode.swift; path = UserModel.swift; sourceTree = "<group>"; };
		DCB8793F2C6E06AD00A88AAD /* LocalUserRepository.swift */ = {isa = PBXFileReference; lastKnownFileType = sourcecode.swift; path = LocalUserRepository.swift; sourceTree = "<group>"; };
		DCB879462C6E17B700A88AAD /* DefaultExerciseUseCase.swift */ = {isa = PBXFileReference; lastKnownFileType = sourcecode.swift; path = DefaultExerciseUseCase.swift; sourceTree = "<group>"; };
		DCB8794E2C6E182000A88AAD /* DefaultUserUseCase.swift */ = {isa = PBXFileReference; lastKnownFileType = sourcecode.swift; path = DefaultUserUseCase.swift; sourceTree = "<group>"; };
		DCB879552C6F1BA300A88AAD /* Mini3_AsthmaApp.entitlements */ = {isa = PBXFileReference; lastKnownFileType = text.plist.entitlements; path = Mini3_AsthmaApp.entitlements; sourceTree = "<group>"; };
		DCB879682C6F2E3C00A88AAD /* Mini3_AsthmaApp Watch App.entitlements */ = {isa = PBXFileReference; lastKnownFileType = text.plist.entitlements; path = "Mini3_AsthmaApp Watch App.entitlements"; sourceTree = "<group>"; };
		DCB879692C6F2E5300A88AAD /* Mini3-AsthmaApp-Watch-App-Info.plist */ = {isa = PBXFileReference; lastKnownFileType = text.plist; path = "Mini3-AsthmaApp-Watch-App-Info.plist"; sourceTree = SOURCE_ROOT; };
		DCB8796A2C6F2F7700A88AAD /* WorkoutManager.swift */ = {isa = PBXFileReference; lastKnownFileType = sourcecode.swift; path = WorkoutManager.swift; sourceTree = "<group>"; };
		DCB879722C6F300C00A88AAD /* Logger.swift */ = {isa = PBXFileReference; lastKnownFileType = sourcecode.swift; path = Logger.swift; sourceTree = "<group>"; };
		DCB879792C6F307700A88AAD /* WorkoutManager+watchOS.swift */ = {isa = PBXFileReference; lastKnownFileType = sourcecode.swift; path = "WorkoutManager+watchOS.swift"; sourceTree = "<group>"; };
		DCB8797B2C6F308600A88AAD /* WorkoutManager+iOS.swift */ = {isa = PBXFileReference; lastKnownFileType = sourcecode.swift; path = "WorkoutManager+iOS.swift"; sourceTree = "<group>"; };
		DCB8797F2C6F522E00A88AAD /* HomeView.swift */ = {isa = PBXFileReference; lastKnownFileType = sourcecode.swift; path = HomeView.swift; sourceTree = "<group>"; };
		DCB879812C6F525000A88AAD /* HomeViewModel.swift */ = {isa = PBXFileReference; lastKnownFileType = sourcecode.swift; path = HomeViewModel.swift; sourceTree = "<group>"; };
		DCB879842C6F619900A88AAD /* MirroringWorkoutView.swift */ = {isa = PBXFileReference; lastKnownFileType = sourcecode.swift; path = MirroringWorkoutView.swift; sourceTree = "<group>"; };
		DCB879862C6F6A2300A88AAD /* MirroringWorkoutViewModel.swift */ = {isa = PBXFileReference; lastKnownFileType = sourcecode.swift; path = MirroringWorkoutViewModel.swift; sourceTree = "<group>"; };
		DCB879882C6F6E1B00A88AAD /* AppDelegate.swift */ = {isa = PBXFileReference; lastKnownFileType = sourcecode.swift; path = AppDelegate.swift; sourceTree = "<group>"; };
		DCB8798A2C6F6F1000A88AAD /* ControlsView.swift */ = {isa = PBXFileReference; lastKnownFileType = sourcecode.swift; path = ControlsView.swift; sourceTree = "<group>"; };
		DCB8798C2C6F6F1D00A88AAD /* MetricsView.swift */ = {isa = PBXFileReference; lastKnownFileType = sourcecode.swift; path = MetricsView.swift; sourceTree = "<group>"; };
		DCB8798E2C6F6F2F00A88AAD /* SummaryView.swift */ = {isa = PBXFileReference; lastKnownFileType = sourcecode.swift; path = SummaryView.swift; sourceTree = "<group>"; };
		DCB879902C6F7CA200A88AAD /* ExerciseDetailView.swift */ = {isa = PBXFileReference; lastKnownFileType = sourcecode.swift; path = ExerciseDetailView.swift; sourceTree = "<group>"; };
/* End PBXFileReference section */

/* Begin PBXFrameworksBuildPhase section */
		DCB878A92C6DF1B200A88AAD /* Frameworks */ = {
			isa = PBXFrameworksBuildPhase;
			buildActionMask = 2147483647;
			files = (
			);
			runOnlyForDeploymentPostprocessing = 0;
		};
		DCB878B92C6DF1B400A88AAD /* Frameworks */ = {
			isa = PBXFrameworksBuildPhase;
			buildActionMask = 2147483647;
			files = (
			);
			runOnlyForDeploymentPostprocessing = 0;
		};
		DCB878C32C6DF1B400A88AAD /* Frameworks */ = {
			isa = PBXFrameworksBuildPhase;
			buildActionMask = 2147483647;
			files = (
			);
			runOnlyForDeploymentPostprocessing = 0;
		};
		DCB878CF2C6DF1B400A88AAD /* Frameworks */ = {
			isa = PBXFrameworksBuildPhase;
			buildActionMask = 2147483647;
			files = (
			);
			runOnlyForDeploymentPostprocessing = 0;
		};
		DCB878E12C6DF1B500A88AAD /* Frameworks */ = {
			isa = PBXFrameworksBuildPhase;
			buildActionMask = 2147483647;
			files = (
			);
			runOnlyForDeploymentPostprocessing = 0;
		};
		DCB878EB2C6DF1B500A88AAD /* Frameworks */ = {
			isa = PBXFrameworksBuildPhase;
			buildActionMask = 2147483647;
			files = (
			);
			runOnlyForDeploymentPostprocessing = 0;
		};
/* End PBXFrameworksBuildPhase section */

/* Begin PBXGroup section */
		DCB878A32C6DF1B200A88AAD = {
			isa = PBXGroup;
			children = (
				DCB8790B2C6DF23200A88AAD /* Shared */,
				DCB878AE2C6DF1B200A88AAD /* Mini3_AsthmaApp */,
				DCB878BF2C6DF1B400A88AAD /* Mini3_AsthmaAppTests */,
				DCB878C92C6DF1B400A88AAD /* Mini3_AsthmaAppUITests */,
				DCB878D62C6DF1B400A88AAD /* Mini3_AsthmaApp Watch App */,
				DCB878E72C6DF1B500A88AAD /* Mini3_AsthmaApp Watch AppTests */,
				DCB878F12C6DF1B500A88AAD /* Mini3_AsthmaApp Watch AppUITests */,
				DCB878AD2C6DF1B200A88AAD /* Products */,
			);
			sourceTree = "<group>";
		};
		DCB878AD2C6DF1B200A88AAD /* Products */ = {
			isa = PBXGroup;
			children = (
				DCB878AC2C6DF1B200A88AAD /* Mini3_AsthmaApp.app */,
				DCB878BC2C6DF1B400A88AAD /* Mini3_AsthmaAppTests.xctest */,
				DCB878C62C6DF1B400A88AAD /* Mini3_AsthmaAppUITests.xctest */,
				DCB878D22C6DF1B400A88AAD /* Mini3_AsthmaApp Watch App.app */,
				DCB878E42C6DF1B500A88AAD /* Mini3_AsthmaApp Watch AppTests.xctest */,
				DCB878EE2C6DF1B500A88AAD /* Mini3_AsthmaApp Watch AppUITests.xctest */,
			);
			name = Products;
			sourceTree = "<group>";
		};
		DCB878AE2C6DF1B200A88AAD /* Mini3_AsthmaApp */ = {
			isa = PBXGroup;
			children = (
				DCB879552C6F1BA300A88AAD /* Mini3_AsthmaApp.entitlements */,
				DCB8790C2C6DF29400A88AAD /* Presentation */,
				DCB878AF2C6DF1B200A88AAD /* Mini3_AsthmaAppApp.swift */,
				DCB878B12C6DF1B200A88AAD /* ContentView.swift */,
				DCB878B32C6DF1B400A88AAD /* Assets.xcassets */,
				DCB878B52C6DF1B400A88AAD /* Preview Content */,
			);
			path = Mini3_AsthmaApp;
			sourceTree = "<group>";
		};
		DCB878B52C6DF1B400A88AAD /* Preview Content */ = {
			isa = PBXGroup;
			children = (
				DCB878B62C6DF1B400A88AAD /* Preview Assets.xcassets */,
			);
			path = "Preview Content";
			sourceTree = "<group>";
		};
		DCB878BF2C6DF1B400A88AAD /* Mini3_AsthmaAppTests */ = {
			isa = PBXGroup;
			children = (
				DCB878C02C6DF1B400A88AAD /* Mini3_AsthmaAppTests.swift */,
			);
			path = Mini3_AsthmaAppTests;
			sourceTree = "<group>";
		};
		DCB878C92C6DF1B400A88AAD /* Mini3_AsthmaAppUITests */ = {
			isa = PBXGroup;
			children = (
				DCB878CA2C6DF1B400A88AAD /* Mini3_AsthmaAppUITests.swift */,
				DCB878CC2C6DF1B400A88AAD /* Mini3_AsthmaAppUITestsLaunchTests.swift */,
			);
			path = Mini3_AsthmaAppUITests;
			sourceTree = "<group>";
		};
		DCB878D62C6DF1B400A88AAD /* Mini3_AsthmaApp Watch App */ = {
			isa = PBXGroup;
			children = (
				DCB879692C6F2E5300A88AAD /* Mini3-AsthmaApp-Watch-App-Info.plist */,
				DCB879682C6F2E3C00A88AAD /* Mini3_AsthmaApp Watch App.entitlements */,
				DCB878D72C6DF1B400A88AAD /* Mini3_AsthmaAppApp.swift */,
				DCB879882C6F6E1B00A88AAD /* AppDelegate.swift */,
				DCB878D92C6DF1B400A88AAD /* ContentView.swift */,
				DCB8798C2C6F6F1D00A88AAD /* MetricsView.swift */,
				DCB8798A2C6F6F1000A88AAD /* ControlsView.swift */,
				DCB8798E2C6F6F2F00A88AAD /* SummaryView.swift */,
				DCB878DB2C6DF1B500A88AAD /* Assets.xcassets */,
				DCB878DD2C6DF1B500A88AAD /* Preview Content */,
			);
			path = "Mini3_AsthmaApp Watch App";
			sourceTree = "<group>";
		};
		DCB878DD2C6DF1B500A88AAD /* Preview Content */ = {
			isa = PBXGroup;
			children = (
				DCB878DE2C6DF1B500A88AAD /* Preview Assets.xcassets */,
			);
			path = "Preview Content";
			sourceTree = "<group>";
		};
		DCB878E72C6DF1B500A88AAD /* Mini3_AsthmaApp Watch AppTests */ = {
			isa = PBXGroup;
			children = (
				DCB878E82C6DF1B500A88AAD /* Mini3_AsthmaApp_Watch_AppTests.swift */,
			);
			path = "Mini3_AsthmaApp Watch AppTests";
			sourceTree = "<group>";
		};
		DCB878F12C6DF1B500A88AAD /* Mini3_AsthmaApp Watch AppUITests */ = {
			isa = PBXGroup;
			children = (
				DCB878F22C6DF1B500A88AAD /* Mini3_AsthmaApp_Watch_AppUITests.swift */,
				DCB878F42C6DF1B500A88AAD /* Mini3_AsthmaApp_Watch_AppUITestsLaunchTests.swift */,
			);
			path = "Mini3_AsthmaApp Watch AppUITests";
			sourceTree = "<group>";
		};
		DCB8790B2C6DF23200A88AAD /* Shared */ = {
			isa = PBXGroup;
			children = (
				DCB879712C6F2FF900A88AAD /* Helpers */,
				DCB879202C6DF66700A88AAD /* Infrastructure */,
				DCB879162C6DF39700A88AAD /* Domain */,
				DCB8790D2C6DF2C900A88AAD /* Data */,
			);
			path = Shared;
			sourceTree = "<group>";
		};
		DCB8790C2C6DF29400A88AAD /* Presentation */ = {
			isa = PBXGroup;
			children = (
				DCB879832C6F618700A88AAD /* MirroringWorkoutView */,
				DCB8797E2C6F51BA00A88AAD /* HomeView */,
			);
			path = Presentation;
			sourceTree = "<group>";
		};
		DCB8790D2C6DF2C900A88AAD /* Data */ = {
			isa = PBXGroup;
			children = (
				DCB879292C6DF70C00A88AAD /* PersistentStorages */,
				DCB8790E2C6DF2E700A88AAD /* Repositories */,
			);
			path = Data;
			sourceTree = "<group>";
		};
		DCB8790E2C6DF2E700A88AAD /* Repositories */ = {
			isa = PBXGroup;
			children = (
				DCB8790F2C6DF34100A88AAD /* LocalExerciseRepository.swift */,
				DCB8793F2C6E06AD00A88AAD /* LocalUserRepository.swift */,
			);
			path = Repositories;
			sourceTree = "<group>";
		};
		DCB879162C6DF39700A88AAD /* Domain */ = {
			isa = PBXGroup;
			children = (
				DCB879182C6DF3AC00A88AAD /* Entities */,
				DCB879172C6DF3A700A88AAD /* UseCases */,
			);
			path = Domain;
			sourceTree = "<group>";
		};
		DCB879172C6DF3A700A88AAD /* UseCases */ = {
			isa = PBXGroup;
			children = (
				DCB879462C6E17B700A88AAD /* DefaultExerciseUseCase.swift */,
				DCB8794E2C6E182000A88AAD /* DefaultUserUseCase.swift */,
			);
			path = UseCases;
			sourceTree = "<group>";
		};
		DCB879182C6DF3AC00A88AAD /* Entities */ = {
			isa = PBXGroup;
			children = (
				DCB879192C6DF3C700A88AAD /* ExerciseModel.swift */,
				DCB879382C6DFC7500A88AAD /* UserModel.swift */,
			);
			path = Entities;
			sourceTree = "<group>";
		};
		DCB879202C6DF66700A88AAD /* Infrastructure */ = {
			isa = PBXGroup;
			children = (
				DCB879562C6F27F000A88AAD /* Managers */,
				DCB879212C6DF67F00A88AAD /* SwiftData */,
			);
			path = Infrastructure;
			sourceTree = "<group>";
		};
		DCB879212C6DF67F00A88AAD /* SwiftData */ = {
			isa = PBXGroup;
			children = (
				DCB879222C6DF69D00A88AAD /* SwiftDataContextManager.swift */,
			);
			path = SwiftData;
			sourceTree = "<group>";
		};
		DCB879292C6DF70C00A88AAD /* PersistentStorages */ = {
			isa = PBXGroup;
			children = (
				DCB8792A2C6DF73600A88AAD /* ExerciseLocalEntity.swift */,
				DCB879312C6DFAED00A88AAD /* UserLocalEntity.swift */,
			);
			path = PersistentStorages;
			sourceTree = "<group>";
		};
		DCB879562C6F27F000A88AAD /* Managers */ = {
			isa = PBXGroup;
			children = (
				DCB8796A2C6F2F7700A88AAD /* WorkoutManager.swift */,
				DCB879792C6F307700A88AAD /* WorkoutManager+watchOS.swift */,
				DCB8797B2C6F308600A88AAD /* WorkoutManager+iOS.swift */,
			);
			path = Managers;
			sourceTree = "<group>";
		};
		DCB879712C6F2FF900A88AAD /* Helpers */ = {
			isa = PBXGroup;
			children = (
				DCB879722C6F300C00A88AAD /* Logger.swift */,
			);
			path = Helpers;
			sourceTree = "<group>";
		};
		DCB8797E2C6F51BA00A88AAD /* HomeView */ = {
			isa = PBXGroup;
			children = (
				DCB879902C6F7CA200A88AAD /* ExerciseDetailView.swift */,
				DCB8797F2C6F522E00A88AAD /* HomeView.swift */,
				DCB879812C6F525000A88AAD /* HomeViewModel.swift */,
			);
			path = HomeView;
			sourceTree = "<group>";
		};
		DCB879832C6F618700A88AAD /* MirroringWorkoutView */ = {
			isa = PBXGroup;
			children = (
				DCB879842C6F619900A88AAD /* MirroringWorkoutView.swift */,
				DCB879862C6F6A2300A88AAD /* MirroringWorkoutViewModel.swift */,
			);
			path = MirroringWorkoutView;
			sourceTree = "<group>";
		};
/* End PBXGroup section */

/* Begin PBXNativeTarget section */
		DCB878AB2C6DF1B200A88AAD /* Mini3_AsthmaApp */ = {
			isa = PBXNativeTarget;
			buildConfigurationList = DCB878FC2C6DF1B500A88AAD /* Build configuration list for PBXNativeTarget "Mini3_AsthmaApp" */;
			buildPhases = (
				DCB878A82C6DF1B200A88AAD /* Sources */,
				DCB878A92C6DF1B200A88AAD /* Frameworks */,
				DCB878AA2C6DF1B200A88AAD /* Resources */,
				DCB878FB2C6DF1B500A88AAD /* Embed Watch Content */,
			);
			buildRules = (
			);
			dependencies = (
				DCB878D52C6DF1B400A88AAD /* PBXTargetDependency */,
			);
			name = Mini3_AsthmaApp;
			productName = Mini3_AsthmaApp;
			productReference = DCB878AC2C6DF1B200A88AAD /* Mini3_AsthmaApp.app */;
			productType = "com.apple.product-type.application";
		};
		DCB878BB2C6DF1B400A88AAD /* Mini3_AsthmaAppTests */ = {
			isa = PBXNativeTarget;
			buildConfigurationList = DCB878FF2C6DF1B500A88AAD /* Build configuration list for PBXNativeTarget "Mini3_AsthmaAppTests" */;
			buildPhases = (
				DCB878B82C6DF1B400A88AAD /* Sources */,
				DCB878B92C6DF1B400A88AAD /* Frameworks */,
				DCB878BA2C6DF1B400A88AAD /* Resources */,
			);
			buildRules = (
			);
			dependencies = (
				DCB878BE2C6DF1B400A88AAD /* PBXTargetDependency */,
			);
			name = Mini3_AsthmaAppTests;
			productName = Mini3_AsthmaAppTests;
			productReference = DCB878BC2C6DF1B400A88AAD /* Mini3_AsthmaAppTests.xctest */;
			productType = "com.apple.product-type.bundle.unit-test";
		};
		DCB878C52C6DF1B400A88AAD /* Mini3_AsthmaAppUITests */ = {
			isa = PBXNativeTarget;
			buildConfigurationList = DCB879022C6DF1B500A88AAD /* Build configuration list for PBXNativeTarget "Mini3_AsthmaAppUITests" */;
			buildPhases = (
				DCB878C22C6DF1B400A88AAD /* Sources */,
				DCB878C32C6DF1B400A88AAD /* Frameworks */,
				DCB878C42C6DF1B400A88AAD /* Resources */,
			);
			buildRules = (
			);
			dependencies = (
				DCB878C82C6DF1B400A88AAD /* PBXTargetDependency */,
			);
			name = Mini3_AsthmaAppUITests;
			productName = Mini3_AsthmaAppUITests;
			productReference = DCB878C62C6DF1B400A88AAD /* Mini3_AsthmaAppUITests.xctest */;
			productType = "com.apple.product-type.bundle.ui-testing";
		};
		DCB878D12C6DF1B400A88AAD /* Mini3_AsthmaApp Watch App */ = {
			isa = PBXNativeTarget;
			buildConfigurationList = DCB878F82C6DF1B500A88AAD /* Build configuration list for PBXNativeTarget "Mini3_AsthmaApp Watch App" */;
			buildPhases = (
				DCB878CE2C6DF1B400A88AAD /* Sources */,
				DCB878CF2C6DF1B400A88AAD /* Frameworks */,
				DCB878D02C6DF1B400A88AAD /* Resources */,
			);
			buildRules = (
			);
			dependencies = (
			);
			name = "Mini3_AsthmaApp Watch App";
			productName = "Mini3_AsthmaApp Watch App";
			productReference = DCB878D22C6DF1B400A88AAD /* Mini3_AsthmaApp Watch App.app */;
			productType = "com.apple.product-type.application";
		};
		DCB878E32C6DF1B500A88AAD /* Mini3_AsthmaApp Watch AppTests */ = {
			isa = PBXNativeTarget;
			buildConfigurationList = DCB879052C6DF1B500A88AAD /* Build configuration list for PBXNativeTarget "Mini3_AsthmaApp Watch AppTests" */;
			buildPhases = (
				DCB878E02C6DF1B500A88AAD /* Sources */,
				DCB878E12C6DF1B500A88AAD /* Frameworks */,
				DCB878E22C6DF1B500A88AAD /* Resources */,
			);
			buildRules = (
			);
			dependencies = (
				DCB878E62C6DF1B500A88AAD /* PBXTargetDependency */,
			);
			name = "Mini3_AsthmaApp Watch AppTests";
			productName = "Mini3_AsthmaApp Watch AppTests";
			productReference = DCB878E42C6DF1B500A88AAD /* Mini3_AsthmaApp Watch AppTests.xctest */;
			productType = "com.apple.product-type.bundle.unit-test";
		};
		DCB878ED2C6DF1B500A88AAD /* Mini3_AsthmaApp Watch AppUITests */ = {
			isa = PBXNativeTarget;
			buildConfigurationList = DCB879082C6DF1B500A88AAD /* Build configuration list for PBXNativeTarget "Mini3_AsthmaApp Watch AppUITests" */;
			buildPhases = (
				DCB878EA2C6DF1B500A88AAD /* Sources */,
				DCB878EB2C6DF1B500A88AAD /* Frameworks */,
				DCB878EC2C6DF1B500A88AAD /* Resources */,
			);
			buildRules = (
			);
			dependencies = (
				DCB878F02C6DF1B500A88AAD /* PBXTargetDependency */,
			);
			name = "Mini3_AsthmaApp Watch AppUITests";
			productName = "Mini3_AsthmaApp Watch AppUITests";
			productReference = DCB878EE2C6DF1B500A88AAD /* Mini3_AsthmaApp Watch AppUITests.xctest */;
			productType = "com.apple.product-type.bundle.ui-testing";
		};
/* End PBXNativeTarget section */

/* Begin PBXProject section */
		DCB878A42C6DF1B200A88AAD /* Project object */ = {
			isa = PBXProject;
			attributes = {
				BuildIndependentTargetsInParallel = 1;
				LastSwiftUpdateCheck = 1520;
				LastUpgradeCheck = 1520;
				TargetAttributes = {
					DCB878AB2C6DF1B200A88AAD = {
						CreatedOnToolsVersion = 15.2;
					};
					DCB878BB2C6DF1B400A88AAD = {
						CreatedOnToolsVersion = 15.2;
						TestTargetID = DCB878AB2C6DF1B200A88AAD;
					};
					DCB878C52C6DF1B400A88AAD = {
						CreatedOnToolsVersion = 15.2;
						TestTargetID = DCB878AB2C6DF1B200A88AAD;
					};
					DCB878D12C6DF1B400A88AAD = {
						CreatedOnToolsVersion = 15.2;
					};
					DCB878E32C6DF1B500A88AAD = {
						CreatedOnToolsVersion = 15.2;
						TestTargetID = DCB878D12C6DF1B400A88AAD;
					};
					DCB878ED2C6DF1B500A88AAD = {
						CreatedOnToolsVersion = 15.2;
						TestTargetID = DCB878D12C6DF1B400A88AAD;
					};
				};
			};
			buildConfigurationList = DCB878A72C6DF1B200A88AAD /* Build configuration list for PBXProject "Mini3_AsthmaApp" */;
			compatibilityVersion = "Xcode 14.0";
			developmentRegion = en;
			hasScannedForEncodings = 0;
			knownRegions = (
				en,
				Base,
			);
			mainGroup = DCB878A32C6DF1B200A88AAD;
			productRefGroup = DCB878AD2C6DF1B200A88AAD /* Products */;
			projectDirPath = "";
			projectRoot = "";
			targets = (
				DCB878AB2C6DF1B200A88AAD /* Mini3_AsthmaApp */,
				DCB878BB2C6DF1B400A88AAD /* Mini3_AsthmaAppTests */,
				DCB878C52C6DF1B400A88AAD /* Mini3_AsthmaAppUITests */,
				DCB878D12C6DF1B400A88AAD /* Mini3_AsthmaApp Watch App */,
				DCB878E32C6DF1B500A88AAD /* Mini3_AsthmaApp Watch AppTests */,
				DCB878ED2C6DF1B500A88AAD /* Mini3_AsthmaApp Watch AppUITests */,
			);
		};
/* End PBXProject section */

/* Begin PBXResourcesBuildPhase section */
		DCB878AA2C6DF1B200A88AAD /* Resources */ = {
			isa = PBXResourcesBuildPhase;
			buildActionMask = 2147483647;
			files = (
				DCB878B72C6DF1B400A88AAD /* Preview Assets.xcassets in Resources */,
				DCB878B42C6DF1B400A88AAD /* Assets.xcassets in Resources */,
			);
			runOnlyForDeploymentPostprocessing = 0;
		};
		DCB878BA2C6DF1B400A88AAD /* Resources */ = {
			isa = PBXResourcesBuildPhase;
			buildActionMask = 2147483647;
			files = (
			);
			runOnlyForDeploymentPostprocessing = 0;
		};
		DCB878C42C6DF1B400A88AAD /* Resources */ = {
			isa = PBXResourcesBuildPhase;
			buildActionMask = 2147483647;
			files = (
			);
			runOnlyForDeploymentPostprocessing = 0;
		};
		DCB878D02C6DF1B400A88AAD /* Resources */ = {
			isa = PBXResourcesBuildPhase;
			buildActionMask = 2147483647;
			files = (
				DCB878DF2C6DF1B500A88AAD /* Preview Assets.xcassets in Resources */,
				DCB878DC2C6DF1B500A88AAD /* Assets.xcassets in Resources */,
			);
			runOnlyForDeploymentPostprocessing = 0;
		};
		DCB878E22C6DF1B500A88AAD /* Resources */ = {
			isa = PBXResourcesBuildPhase;
			buildActionMask = 2147483647;
			files = (
			);
			runOnlyForDeploymentPostprocessing = 0;
		};
		DCB878EC2C6DF1B500A88AAD /* Resources */ = {
			isa = PBXResourcesBuildPhase;
			buildActionMask = 2147483647;
			files = (
			);
			runOnlyForDeploymentPostprocessing = 0;
		};
/* End PBXResourcesBuildPhase section */

/* Begin PBXSourcesBuildPhase section */
		DCB878A82C6DF1B200A88AAD /* Sources */ = {
			isa = PBXSourcesBuildPhase;
			buildActionMask = 2147483647;
			files = (
				DCB879322C6DFAED00A88AAD /* UserLocalEntity.swift in Sources */,
				DCB879472C6E17B700A88AAD /* DefaultExerciseUseCase.swift in Sources */,
				DCB878B22C6DF1B200A88AAD /* ContentView.swift in Sources */,
				DCB879822C6F525000A88AAD /* HomeViewModel.swift in Sources */,
				DCB879802C6F522E00A88AAD /* HomeView.swift in Sources */,
				DCB879392C6DFC7500A88AAD /* UserModel.swift in Sources */,
				DCB878B02C6DF1B200A88AAD /* Mini3_AsthmaAppApp.swift in Sources */,
				DCB8796C2C6F2F7F00A88AAD /* WorkoutManager.swift in Sources */,
				DCB8792B2C6DF73600A88AAD /* ExerciseLocalEntity.swift in Sources */,
				DCB879102C6DF34100A88AAD /* LocalExerciseRepository.swift in Sources */,
				DCB879852C6F619900A88AAD /* MirroringWorkoutView.swift in Sources */,
				DCB879402C6E06AD00A88AAD /* LocalUserRepository.swift in Sources */,
				DCB879912C6F7CA200A88AAD /* ExerciseDetailView.swift in Sources */,
				DCB879872C6F6A2300A88AAD /* MirroringWorkoutViewModel.swift in Sources */,
				DCB879742C6F303E00A88AAD /* Logger.swift in Sources */,
				DCB879232C6DF69D00A88AAD /* SwiftDataContextManager.swift in Sources */,
				DCB8794F2C6E182000A88AAD /* DefaultUserUseCase.swift in Sources */,
				DCB8791A2C6DF3C700A88AAD /* ExerciseModel.swift in Sources */,
				DCB8797D2C6F30A100A88AAD /* WorkoutManager+iOS.swift in Sources */,
			);
			runOnlyForDeploymentPostprocessing = 0;
		};
		DCB878B82C6DF1B400A88AAD /* Sources */ = {
			isa = PBXSourcesBuildPhase;
			buildActionMask = 2147483647;
			files = (
				DCB878C12C6DF1B400A88AAD /* Mini3_AsthmaAppTests.swift in Sources */,
				DCB879482C6E17B700A88AAD /* DefaultExerciseUseCase.swift in Sources */,
				DCB8793A2C6DFC7500A88AAD /* UserModel.swift in Sources */,
				DCB879332C6DFAED00A88AAD /* UserLocalEntity.swift in Sources */,
				DCB8796D2C6F2F7F00A88AAD /* WorkoutManager.swift in Sources */,
				DCB8791B2C6DF3C700A88AAD /* ExerciseModel.swift in Sources */,
				DCB8792C2C6DF73600A88AAD /* ExerciseLocalEntity.swift in Sources */,
				DCB879752C6F303F00A88AAD /* Logger.swift in Sources */,
				DCB879502C6E182000A88AAD /* DefaultUserUseCase.swift in Sources */,
				DCB879112C6DF34100A88AAD /* LocalExerciseRepository.swift in Sources */,
				DCB879412C6E06AD00A88AAD /* LocalUserRepository.swift in Sources */,
				DCB879242C6DF69D00A88AAD /* SwiftDataContextManager.swift in Sources */,
			);
			runOnlyForDeploymentPostprocessing = 0;
		};
		DCB878C22C6DF1B400A88AAD /* Sources */ = {
			isa = PBXSourcesBuildPhase;
			buildActionMask = 2147483647;
			files = (
				DCB879342C6DFAED00A88AAD /* UserLocalEntity.swift in Sources */,
				DCB879492C6E17B700A88AAD /* DefaultExerciseUseCase.swift in Sources */,
				DCB878CB2C6DF1B400A88AAD /* Mini3_AsthmaAppUITests.swift in Sources */,
				DCB8793B2C6DFC7500A88AAD /* UserModel.swift in Sources */,
				DCB878CD2C6DF1B400A88AAD /* Mini3_AsthmaAppUITestsLaunchTests.swift in Sources */,
				DCB8796E2C6F2F8000A88AAD /* WorkoutManager.swift in Sources */,
				DCB8792D2C6DF73600A88AAD /* ExerciseLocalEntity.swift in Sources */,
				DCB879122C6DF34100A88AAD /* LocalExerciseRepository.swift in Sources */,
				DCB879422C6E06AD00A88AAD /* LocalUserRepository.swift in Sources */,
				DCB879762C6F304000A88AAD /* Logger.swift in Sources */,
				DCB879252C6DF69D00A88AAD /* SwiftDataContextManager.swift in Sources */,
				DCB879512C6E182000A88AAD /* DefaultUserUseCase.swift in Sources */,
				DCB8791C2C6DF3C700A88AAD /* ExerciseModel.swift in Sources */,
			);
			runOnlyForDeploymentPostprocessing = 0;
		};
		DCB878CE2C6DF1B400A88AAD /* Sources */ = {
			isa = PBXSourcesBuildPhase;
			buildActionMask = 2147483647;
			files = (
				DCB879352C6DFAED00A88AAD /* UserLocalEntity.swift in Sources */,
				DCB8794A2C6E17B700A88AAD /* DefaultExerciseUseCase.swift in Sources */,
				DCB878DA2C6DF1B400A88AAD /* ContentView.swift in Sources */,
				DCB8798D2C6F6F1D00A88AAD /* MetricsView.swift in Sources */,
				DCB879892C6F6E1B00A88AAD /* AppDelegate.swift in Sources */,
				DCB8793C2C6DFC7500A88AAD /* UserModel.swift in Sources */,
				DCB878D82C6DF1B400A88AAD /* Mini3_AsthmaAppApp.swift in Sources */,
				DCB8796B2C6F2F7700A88AAD /* WorkoutManager.swift in Sources */,
				DCB8792E2C6DF73600A88AAD /* ExerciseLocalEntity.swift in Sources */,
				DCB879132C6DF34100A88AAD /* LocalExerciseRepository.swift in Sources */,
				DCB879432C6E06AD00A88AAD /* LocalUserRepository.swift in Sources */,
				DCB879732C6F300C00A88AAD /* Logger.swift in Sources */,
				DCB879262C6DF69D00A88AAD /* SwiftDataContextManager.swift in Sources */,
				DCB8798B2C6F6F1000A88AAD /* ControlsView.swift in Sources */,
				DCB879522C6E182000A88AAD /* DefaultUserUseCase.swift in Sources */,
				DCB8791D2C6DF3C700A88AAD /* ExerciseModel.swift in Sources */,
				DCB8797A2C6F307700A88AAD /* WorkoutManager+watchOS.swift in Sources */,
				DCB8798F2C6F6F2F00A88AAD /* SummaryView.swift in Sources */,
			);
			runOnlyForDeploymentPostprocessing = 0;
		};
		DCB878E02C6DF1B500A88AAD /* Sources */ = {
			isa = PBXSourcesBuildPhase;
			buildActionMask = 2147483647;
			files = (
				DCB878E92C6DF1B500A88AAD /* Mini3_AsthmaApp_Watch_AppTests.swift in Sources */,
				DCB8794B2C6E17B700A88AAD /* DefaultExerciseUseCase.swift in Sources */,
				DCB8793D2C6DFC7500A88AAD /* UserModel.swift in Sources */,
				DCB879362C6DFAED00A88AAD /* UserLocalEntity.swift in Sources */,
				DCB8796F2C6F2F8000A88AAD /* WorkoutManager.swift in Sources */,
				DCB8791E2C6DF3C700A88AAD /* ExerciseModel.swift in Sources */,
				DCB8792F2C6DF73600A88AAD /* ExerciseLocalEntity.swift in Sources */,
				DCB879772C6F304000A88AAD /* Logger.swift in Sources */,
				DCB879532C6E182000A88AAD /* DefaultUserUseCase.swift in Sources */,
				DCB879142C6DF34100A88AAD /* LocalExerciseRepository.swift in Sources */,
				DCB879442C6E06AD00A88AAD /* LocalUserRepository.swift in Sources */,
				DCB879272C6DF69D00A88AAD /* SwiftDataContextManager.swift in Sources */,
			);
			runOnlyForDeploymentPostprocessing = 0;
		};
		DCB878EA2C6DF1B500A88AAD /* Sources */ = {
			isa = PBXSourcesBuildPhase;
			buildActionMask = 2147483647;
			files = (
				DCB879372C6DFAED00A88AAD /* UserLocalEntity.swift in Sources */,
				DCB8794C2C6E17B700A88AAD /* DefaultExerciseUseCase.swift in Sources */,
				DCB878F32C6DF1B500A88AAD /* Mini3_AsthmaApp_Watch_AppUITests.swift in Sources */,
				DCB8793E2C6DFC7500A88AAD /* UserModel.swift in Sources */,
				DCB878F52C6DF1B500A88AAD /* Mini3_AsthmaApp_Watch_AppUITestsLaunchTests.swift in Sources */,
				DCB879702C6F2F8100A88AAD /* WorkoutManager.swift in Sources */,
				DCB879302C6DF73600A88AAD /* ExerciseLocalEntity.swift in Sources */,
				DCB879152C6DF34100A88AAD /* LocalExerciseRepository.swift in Sources */,
				DCB879452C6E06AD00A88AAD /* LocalUserRepository.swift in Sources */,
				DCB879782C6F304100A88AAD /* Logger.swift in Sources */,
				DCB879282C6DF69D00A88AAD /* SwiftDataContextManager.swift in Sources */,
				DCB879542C6E182000A88AAD /* DefaultUserUseCase.swift in Sources */,
				DCB8791F2C6DF3C700A88AAD /* ExerciseModel.swift in Sources */,
			);
			runOnlyForDeploymentPostprocessing = 0;
		};
/* End PBXSourcesBuildPhase section */

/* Begin PBXTargetDependency section */
		DCB878BE2C6DF1B400A88AAD /* PBXTargetDependency */ = {
			isa = PBXTargetDependency;
			target = DCB878AB2C6DF1B200A88AAD /* Mini3_AsthmaApp */;
			targetProxy = DCB878BD2C6DF1B400A88AAD /* PBXContainerItemProxy */;
		};
		DCB878C82C6DF1B400A88AAD /* PBXTargetDependency */ = {
			isa = PBXTargetDependency;
			target = DCB878AB2C6DF1B200A88AAD /* Mini3_AsthmaApp */;
			targetProxy = DCB878C72C6DF1B400A88AAD /* PBXContainerItemProxy */;
		};
		DCB878D52C6DF1B400A88AAD /* PBXTargetDependency */ = {
			isa = PBXTargetDependency;
			target = DCB878D12C6DF1B400A88AAD /* Mini3_AsthmaApp Watch App */;
			targetProxy = DCB878D42C6DF1B400A88AAD /* PBXContainerItemProxy */;
		};
		DCB878E62C6DF1B500A88AAD /* PBXTargetDependency */ = {
			isa = PBXTargetDependency;
			target = DCB878D12C6DF1B400A88AAD /* Mini3_AsthmaApp Watch App */;
			targetProxy = DCB878E52C6DF1B500A88AAD /* PBXContainerItemProxy */;
		};
		DCB878F02C6DF1B500A88AAD /* PBXTargetDependency */ = {
			isa = PBXTargetDependency;
			target = DCB878D12C6DF1B400A88AAD /* Mini3_AsthmaApp Watch App */;
			targetProxy = DCB878EF2C6DF1B500A88AAD /* PBXContainerItemProxy */;
		};
/* End PBXTargetDependency section */

/* Begin XCBuildConfiguration section */
		DCB878F62C6DF1B500A88AAD /* Debug */ = {
			isa = XCBuildConfiguration;
			buildSettings = {
				ALWAYS_SEARCH_USER_PATHS = NO;
				ASSETCATALOG_COMPILER_GENERATE_SWIFT_ASSET_SYMBOL_EXTENSIONS = YES;
				CLANG_ANALYZER_NONNULL = YES;
				CLANG_ANALYZER_NUMBER_OBJECT_CONVERSION = YES_AGGRESSIVE;
				CLANG_CXX_LANGUAGE_STANDARD = "gnu++20";
				CLANG_ENABLE_MODULES = YES;
				CLANG_ENABLE_OBJC_ARC = YES;
				CLANG_ENABLE_OBJC_WEAK = YES;
				CLANG_WARN_BLOCK_CAPTURE_AUTORELEASING = YES;
				CLANG_WARN_BOOL_CONVERSION = YES;
				CLANG_WARN_COMMA = YES;
				CLANG_WARN_CONSTANT_CONVERSION = YES;
				CLANG_WARN_DEPRECATED_OBJC_IMPLEMENTATIONS = YES;
				CLANG_WARN_DIRECT_OBJC_ISA_USAGE = YES_ERROR;
				CLANG_WARN_DOCUMENTATION_COMMENTS = YES;
				CLANG_WARN_EMPTY_BODY = YES;
				CLANG_WARN_ENUM_CONVERSION = YES;
				CLANG_WARN_INFINITE_RECURSION = YES;
				CLANG_WARN_INT_CONVERSION = YES;
				CLANG_WARN_NON_LITERAL_NULL_CONVERSION = YES;
				CLANG_WARN_OBJC_IMPLICIT_RETAIN_SELF = YES;
				CLANG_WARN_OBJC_LITERAL_CONVERSION = YES;
				CLANG_WARN_OBJC_ROOT_CLASS = YES_ERROR;
				CLANG_WARN_QUOTED_INCLUDE_IN_FRAMEWORK_HEADER = YES;
				CLANG_WARN_RANGE_LOOP_ANALYSIS = YES;
				CLANG_WARN_STRICT_PROTOTYPES = YES;
				CLANG_WARN_SUSPICIOUS_MOVE = YES;
				CLANG_WARN_UNGUARDED_AVAILABILITY = YES_AGGRESSIVE;
				CLANG_WARN_UNREACHABLE_CODE = YES;
				CLANG_WARN__DUPLICATE_METHOD_MATCH = YES;
				COPY_PHASE_STRIP = NO;
				DEBUG_INFORMATION_FORMAT = dwarf;
				ENABLE_STRICT_OBJC_MSGSEND = YES;
				ENABLE_TESTABILITY = YES;
				ENABLE_USER_SCRIPT_SANDBOXING = YES;
				GCC_C_LANGUAGE_STANDARD = gnu17;
				GCC_DYNAMIC_NO_PIC = NO;
				GCC_NO_COMMON_BLOCKS = YES;
				GCC_OPTIMIZATION_LEVEL = 0;
				GCC_PREPROCESSOR_DEFINITIONS = (
					"DEBUG=1",
					"$(inherited)",
				);
				GCC_WARN_64_TO_32_BIT_CONVERSION = YES;
				GCC_WARN_ABOUT_RETURN_TYPE = YES_ERROR;
				GCC_WARN_UNDECLARED_SELECTOR = YES;
				GCC_WARN_UNINITIALIZED_AUTOS = YES_AGGRESSIVE;
				GCC_WARN_UNUSED_FUNCTION = YES;
				GCC_WARN_UNUSED_VARIABLE = YES;
				INFOPLIST_KEY_NSHealthClinicalHealthRecordsShareUsageDescription = "This app would like to access your health data";
				INFOPLIST_KEY_NSHealthShareUsageDescription = "This app would like to access your health data";
				INFOPLIST_KEY_NSHealthUpdateUsageDescription = "This app would like to access your health data";
				LOCALIZATION_PREFERS_STRING_CATALOGS = YES;
				MTL_ENABLE_DEBUG_INFO = INCLUDE_SOURCE;
				MTL_FAST_MATH = YES;
				ONLY_ACTIVE_ARCH = YES;
				SWIFT_ACTIVE_COMPILATION_CONDITIONS = "DEBUG $(inherited)";
				SWIFT_OPTIMIZATION_LEVEL = "-Onone";
			};
			name = Debug;
		};
		DCB878F72C6DF1B500A88AAD /* Release */ = {
			isa = XCBuildConfiguration;
			buildSettings = {
				ALWAYS_SEARCH_USER_PATHS = NO;
				ASSETCATALOG_COMPILER_GENERATE_SWIFT_ASSET_SYMBOL_EXTENSIONS = YES;
				CLANG_ANALYZER_NONNULL = YES;
				CLANG_ANALYZER_NUMBER_OBJECT_CONVERSION = YES_AGGRESSIVE;
				CLANG_CXX_LANGUAGE_STANDARD = "gnu++20";
				CLANG_ENABLE_MODULES = YES;
				CLANG_ENABLE_OBJC_ARC = YES;
				CLANG_ENABLE_OBJC_WEAK = YES;
				CLANG_WARN_BLOCK_CAPTURE_AUTORELEASING = YES;
				CLANG_WARN_BOOL_CONVERSION = YES;
				CLANG_WARN_COMMA = YES;
				CLANG_WARN_CONSTANT_CONVERSION = YES;
				CLANG_WARN_DEPRECATED_OBJC_IMPLEMENTATIONS = YES;
				CLANG_WARN_DIRECT_OBJC_ISA_USAGE = YES_ERROR;
				CLANG_WARN_DOCUMENTATION_COMMENTS = YES;
				CLANG_WARN_EMPTY_BODY = YES;
				CLANG_WARN_ENUM_CONVERSION = YES;
				CLANG_WARN_INFINITE_RECURSION = YES;
				CLANG_WARN_INT_CONVERSION = YES;
				CLANG_WARN_NON_LITERAL_NULL_CONVERSION = YES;
				CLANG_WARN_OBJC_IMPLICIT_RETAIN_SELF = YES;
				CLANG_WARN_OBJC_LITERAL_CONVERSION = YES;
				CLANG_WARN_OBJC_ROOT_CLASS = YES_ERROR;
				CLANG_WARN_QUOTED_INCLUDE_IN_FRAMEWORK_HEADER = YES;
				CLANG_WARN_RANGE_LOOP_ANALYSIS = YES;
				CLANG_WARN_STRICT_PROTOTYPES = YES;
				CLANG_WARN_SUSPICIOUS_MOVE = YES;
				CLANG_WARN_UNGUARDED_AVAILABILITY = YES_AGGRESSIVE;
				CLANG_WARN_UNREACHABLE_CODE = YES;
				CLANG_WARN__DUPLICATE_METHOD_MATCH = YES;
				COPY_PHASE_STRIP = NO;
				DEBUG_INFORMATION_FORMAT = "dwarf-with-dsym";
				ENABLE_NS_ASSERTIONS = NO;
				ENABLE_STRICT_OBJC_MSGSEND = YES;
				ENABLE_USER_SCRIPT_SANDBOXING = YES;
				GCC_C_LANGUAGE_STANDARD = gnu17;
				GCC_NO_COMMON_BLOCKS = YES;
				GCC_WARN_64_TO_32_BIT_CONVERSION = YES;
				GCC_WARN_ABOUT_RETURN_TYPE = YES_ERROR;
				GCC_WARN_UNDECLARED_SELECTOR = YES;
				GCC_WARN_UNINITIALIZED_AUTOS = YES_AGGRESSIVE;
				GCC_WARN_UNUSED_FUNCTION = YES;
				GCC_WARN_UNUSED_VARIABLE = YES;
				INFOPLIST_KEY_NSHealthClinicalHealthRecordsShareUsageDescription = "This app would like to access your health data";
				INFOPLIST_KEY_NSHealthShareUsageDescription = "This app would like to access your health data";
				INFOPLIST_KEY_NSHealthUpdateUsageDescription = "This app would like to access your health data";
				LOCALIZATION_PREFERS_STRING_CATALOGS = YES;
				MTL_ENABLE_DEBUG_INFO = NO;
				MTL_FAST_MATH = YES;
				SWIFT_COMPILATION_MODE = wholemodule;
			};
			name = Release;
		};
		DCB878F92C6DF1B500A88AAD /* Debug */ = {
			isa = XCBuildConfiguration;
			buildSettings = {
				ASSETCATALOG_COMPILER_APPICON_NAME = AppIcon;
				ASSETCATALOG_COMPILER_GLOBAL_ACCENT_COLOR_NAME = AccentColor;
				CODE_SIGN_ENTITLEMENTS = "Mini3_AsthmaApp Watch App/Mini3_AsthmaApp Watch App.entitlements";
				CODE_SIGN_STYLE = Automatic;
				CURRENT_PROJECT_VERSION = 1;
				DEVELOPMENT_ASSET_PATHS = "\"Mini3_AsthmaApp Watch App/Preview Content\"";
				DEVELOPMENT_TEAM = Z42WC948D7;
				ENABLE_PREVIEWS = YES;
				GENERATE_INFOPLIST_FILE = YES;
				INFOPLIST_FILE = "Mini3-AsthmaApp-Watch-App-Info.plist";
				INFOPLIST_KEY_CFBundleDisplayName = Mini3_AsthmaApp;
				INFOPLIST_KEY_UISupportedInterfaceOrientations = "UIInterfaceOrientationPortrait UIInterfaceOrientationPortraitUpsideDown";
				INFOPLIST_KEY_WKCompanionAppBundleIdentifier = "jonathan.Mini3-AsthmaApp";
				LD_RUNPATH_SEARCH_PATHS = (
					"$(inherited)",
					"@executable_path/Frameworks",
				);
				MARKETING_VERSION = 1.0;
				PRODUCT_BUNDLE_IDENTIFIER = "jonathan.Mini3-AsthmaApp.watchkitapp";
				PRODUCT_NAME = "$(TARGET_NAME)";
				SDKROOT = watchos;
				SKIP_INSTALL = YES;
				SWIFT_EMIT_LOC_STRINGS = YES;
				SWIFT_VERSION = 5.0;
				TARGETED_DEVICE_FAMILY = 4;
				WATCHOS_DEPLOYMENT_TARGET = 10.2;
			};
			name = Debug;
		};
		DCB878FA2C6DF1B500A88AAD /* Release */ = {
			isa = XCBuildConfiguration;
			buildSettings = {
				ASSETCATALOG_COMPILER_APPICON_NAME = AppIcon;
				ASSETCATALOG_COMPILER_GLOBAL_ACCENT_COLOR_NAME = AccentColor;
				CODE_SIGN_ENTITLEMENTS = "Mini3_AsthmaApp Watch App/Mini3_AsthmaApp Watch App.entitlements";
				CODE_SIGN_STYLE = Automatic;
				CURRENT_PROJECT_VERSION = 1;
				DEVELOPMENT_ASSET_PATHS = "\"Mini3_AsthmaApp Watch App/Preview Content\"";
				DEVELOPMENT_TEAM = Z42WC948D7;
				ENABLE_PREVIEWS = YES;
				GENERATE_INFOPLIST_FILE = YES;
				INFOPLIST_FILE = "Mini3-AsthmaApp-Watch-App-Info.plist";
				INFOPLIST_KEY_CFBundleDisplayName = Mini3_AsthmaApp;
				INFOPLIST_KEY_UISupportedInterfaceOrientations = "UIInterfaceOrientationPortrait UIInterfaceOrientationPortraitUpsideDown";
				INFOPLIST_KEY_WKCompanionAppBundleIdentifier = "jonathan.Mini3-AsthmaApp";
				LD_RUNPATH_SEARCH_PATHS = (
					"$(inherited)",
					"@executable_path/Frameworks",
				);
				MARKETING_VERSION = 1.0;
				PRODUCT_BUNDLE_IDENTIFIER = "jonathan.Mini3-AsthmaApp.watchkitapp";
				PRODUCT_NAME = "$(TARGET_NAME)";
				SDKROOT = watchos;
				SKIP_INSTALL = YES;
				SWIFT_EMIT_LOC_STRINGS = YES;
				SWIFT_VERSION = 5.0;
				TARGETED_DEVICE_FAMILY = 4;
				VALIDATE_PRODUCT = YES;
				WATCHOS_DEPLOYMENT_TARGET = 10.2;
			};
			name = Release;
		};
		DCB878FD2C6DF1B500A88AAD /* Debug */ = {
			isa = XCBuildConfiguration;
			buildSettings = {
				ALWAYS_EMBED_SWIFT_STANDARD_LIBRARIES = YES;
				ASSETCATALOG_COMPILER_APPICON_NAME = AppIcon;
				ASSETCATALOG_COMPILER_GLOBAL_ACCENT_COLOR_NAME = AccentColor;
				CODE_SIGN_ENTITLEMENTS = Mini3_AsthmaApp/Mini3_AsthmaApp.entitlements;
				CODE_SIGN_STYLE = Automatic;
				CURRENT_PROJECT_VERSION = 1;
				DEVELOPMENT_ASSET_PATHS = "\"Mini3_AsthmaApp/Preview Content\"";
				DEVELOPMENT_TEAM = Z42WC948D7;
				ENABLE_PREVIEWS = YES;
				GENERATE_INFOPLIST_FILE = YES;
				INFOPLIST_KEY_CFBundleDisplayName = Mini3_AsthmaApp;
				INFOPLIST_KEY_UIApplicationSceneManifest_Generation = YES;
				INFOPLIST_KEY_UIApplicationSupportsIndirectInputEvents = YES;
				INFOPLIST_KEY_UILaunchScreen_Generation = YES;
				INFOPLIST_KEY_UISupportedInterfaceOrientations_iPad = "UIInterfaceOrientationPortrait UIInterfaceOrientationPortraitUpsideDown UIInterfaceOrientationLandscapeLeft UIInterfaceOrientationLandscapeRight";
				INFOPLIST_KEY_UISupportedInterfaceOrientations_iPhone = "UIInterfaceOrientationPortrait UIInterfaceOrientationLandscapeLeft UIInterfaceOrientationLandscapeRight";
				IPHONEOS_DEPLOYMENT_TARGET = 17.2;
				LD_RUNPATH_SEARCH_PATHS = (
					"$(inherited)",
					"@executable_path/Frameworks",
				);
				MARKETING_VERSION = 1.0;
				PRODUCT_BUNDLE_IDENTIFIER = "jonathan.Mini3-AsthmaApp";
				PRODUCT_NAME = "$(TARGET_NAME)";
				SDKROOT = iphoneos;
				SWIFT_EMIT_LOC_STRINGS = YES;
				SWIFT_VERSION = 5.0;
				TARGETED_DEVICE_FAMILY = "1,2";
			};
			name = Debug;
		};
		DCB878FE2C6DF1B500A88AAD /* Release */ = {
			isa = XCBuildConfiguration;
			buildSettings = {
				ALWAYS_EMBED_SWIFT_STANDARD_LIBRARIES = YES;
				ASSETCATALOG_COMPILER_APPICON_NAME = AppIcon;
				ASSETCATALOG_COMPILER_GLOBAL_ACCENT_COLOR_NAME = AccentColor;
				CODE_SIGN_ENTITLEMENTS = Mini3_AsthmaApp/Mini3_AsthmaApp.entitlements;
				CODE_SIGN_STYLE = Automatic;
				CURRENT_PROJECT_VERSION = 1;
				DEVELOPMENT_ASSET_PATHS = "\"Mini3_AsthmaApp/Preview Content\"";
				DEVELOPMENT_TEAM = Z42WC948D7;
				ENABLE_PREVIEWS = YES;
				GENERATE_INFOPLIST_FILE = YES;
				INFOPLIST_KEY_CFBundleDisplayName = Mini3_AsthmaApp;
				INFOPLIST_KEY_UIApplicationSceneManifest_Generation = YES;
				INFOPLIST_KEY_UIApplicationSupportsIndirectInputEvents = YES;
				INFOPLIST_KEY_UILaunchScreen_Generation = YES;
				INFOPLIST_KEY_UISupportedInterfaceOrientations_iPad = "UIInterfaceOrientationPortrait UIInterfaceOrientationPortraitUpsideDown UIInterfaceOrientationLandscapeLeft UIInterfaceOrientationLandscapeRight";
				INFOPLIST_KEY_UISupportedInterfaceOrientations_iPhone = "UIInterfaceOrientationPortrait UIInterfaceOrientationLandscapeLeft UIInterfaceOrientationLandscapeRight";
				IPHONEOS_DEPLOYMENT_TARGET = 17.2;
				LD_RUNPATH_SEARCH_PATHS = (
					"$(inherited)",
					"@executable_path/Frameworks",
				);
				MARKETING_VERSION = 1.0;
				PRODUCT_BUNDLE_IDENTIFIER = "jonathan.Mini3-AsthmaApp";
				PRODUCT_NAME = "$(TARGET_NAME)";
				SDKROOT = iphoneos;
				SWIFT_EMIT_LOC_STRINGS = YES;
				SWIFT_VERSION = 5.0;
				TARGETED_DEVICE_FAMILY = "1,2";
				VALIDATE_PRODUCT = YES;
			};
			name = Release;
		};
		DCB879002C6DF1B500A88AAD /* Debug */ = {
			isa = XCBuildConfiguration;
			buildSettings = {
				ALWAYS_EMBED_SWIFT_STANDARD_LIBRARIES = YES;
				BUNDLE_LOADER = "$(TEST_HOST)";
				CODE_SIGN_STYLE = Automatic;
				CURRENT_PROJECT_VERSION = 1;
				DEVELOPMENT_TEAM = Z42WC948D7;
				GENERATE_INFOPLIST_FILE = YES;
				IPHONEOS_DEPLOYMENT_TARGET = 17.2;
				MARKETING_VERSION = 1.0;
				PRODUCT_BUNDLE_IDENTIFIER = "jonathan.Mini3-AsthmaAppTests";
				PRODUCT_NAME = "$(TARGET_NAME)";
				SDKROOT = iphoneos;
				SWIFT_EMIT_LOC_STRINGS = NO;
				SWIFT_VERSION = 5.0;
				TARGETED_DEVICE_FAMILY = "1,2";
				TEST_HOST = "$(BUILT_PRODUCTS_DIR)/Mini3_AsthmaApp.app/$(BUNDLE_EXECUTABLE_FOLDER_PATH)/Mini3_AsthmaApp";
			};
			name = Debug;
		};
		DCB879012C6DF1B500A88AAD /* Release */ = {
			isa = XCBuildConfiguration;
			buildSettings = {
				ALWAYS_EMBED_SWIFT_STANDARD_LIBRARIES = YES;
				BUNDLE_LOADER = "$(TEST_HOST)";
				CODE_SIGN_STYLE = Automatic;
				CURRENT_PROJECT_VERSION = 1;
				DEVELOPMENT_TEAM = Z42WC948D7;
				GENERATE_INFOPLIST_FILE = YES;
				IPHONEOS_DEPLOYMENT_TARGET = 17.2;
				MARKETING_VERSION = 1.0;
				PRODUCT_BUNDLE_IDENTIFIER = "jonathan.Mini3-AsthmaAppTests";
				PRODUCT_NAME = "$(TARGET_NAME)";
				SDKROOT = iphoneos;
				SWIFT_EMIT_LOC_STRINGS = NO;
				SWIFT_VERSION = 5.0;
				TARGETED_DEVICE_FAMILY = "1,2";
				TEST_HOST = "$(BUILT_PRODUCTS_DIR)/Mini3_AsthmaApp.app/$(BUNDLE_EXECUTABLE_FOLDER_PATH)/Mini3_AsthmaApp";
				VALIDATE_PRODUCT = YES;
			};
			name = Release;
		};
		DCB879032C6DF1B500A88AAD /* Debug */ = {
			isa = XCBuildConfiguration;
			buildSettings = {
				ALWAYS_EMBED_SWIFT_STANDARD_LIBRARIES = YES;
				CODE_SIGN_STYLE = Automatic;
				CURRENT_PROJECT_VERSION = 1;
				DEVELOPMENT_TEAM = Z42WC948D7;
				GENERATE_INFOPLIST_FILE = YES;
				IPHONEOS_DEPLOYMENT_TARGET = 17.2;
				MARKETING_VERSION = 1.0;
				PRODUCT_BUNDLE_IDENTIFIER = "jonathan.Mini3-AsthmaAppUITests";
				PRODUCT_NAME = "$(TARGET_NAME)";
				SDKROOT = iphoneos;
				SWIFT_EMIT_LOC_STRINGS = NO;
				SWIFT_VERSION = 5.0;
				TARGETED_DEVICE_FAMILY = "1,2";
				TEST_TARGET_NAME = Mini3_AsthmaApp;
			};
			name = Debug;
		};
		DCB879042C6DF1B500A88AAD /* Release */ = {
			isa = XCBuildConfiguration;
			buildSettings = {
				ALWAYS_EMBED_SWIFT_STANDARD_LIBRARIES = YES;
				CODE_SIGN_STYLE = Automatic;
				CURRENT_PROJECT_VERSION = 1;
				DEVELOPMENT_TEAM = Z42WC948D7;
				GENERATE_INFOPLIST_FILE = YES;
				IPHONEOS_DEPLOYMENT_TARGET = 17.2;
				MARKETING_VERSION = 1.0;
				PRODUCT_BUNDLE_IDENTIFIER = "jonathan.Mini3-AsthmaAppUITests";
				PRODUCT_NAME = "$(TARGET_NAME)";
				SDKROOT = iphoneos;
				SWIFT_EMIT_LOC_STRINGS = NO;
				SWIFT_VERSION = 5.0;
				TARGETED_DEVICE_FAMILY = "1,2";
				TEST_TARGET_NAME = Mini3_AsthmaApp;
				VALIDATE_PRODUCT = YES;
			};
			name = Release;
		};
		DCB879062C6DF1B500A88AAD /* Debug */ = {
			isa = XCBuildConfiguration;
			buildSettings = {
				ALWAYS_EMBED_SWIFT_STANDARD_LIBRARIES = YES;
				BUNDLE_LOADER = "$(TEST_HOST)";
				CODE_SIGN_STYLE = Automatic;
				CURRENT_PROJECT_VERSION = 1;
				DEVELOPMENT_TEAM = Z42WC948D7;
				GENERATE_INFOPLIST_FILE = YES;
				MARKETING_VERSION = 1.0;
				PRODUCT_BUNDLE_IDENTIFIER = "jonathan.Mini3-AsthmaApp-Watch-AppTests";
				PRODUCT_NAME = "$(TARGET_NAME)";
				SDKROOT = watchos;
				SWIFT_EMIT_LOC_STRINGS = NO;
				SWIFT_VERSION = 5.0;
				TARGETED_DEVICE_FAMILY = 4;
				TEST_HOST = "$(BUILT_PRODUCTS_DIR)/Mini3_AsthmaApp Watch App.app/$(BUNDLE_EXECUTABLE_FOLDER_PATH)/Mini3_AsthmaApp Watch App";
				WATCHOS_DEPLOYMENT_TARGET = 10.2;
			};
			name = Debug;
		};
		DCB879072C6DF1B500A88AAD /* Release */ = {
			isa = XCBuildConfiguration;
			buildSettings = {
				ALWAYS_EMBED_SWIFT_STANDARD_LIBRARIES = YES;
				BUNDLE_LOADER = "$(TEST_HOST)";
				CODE_SIGN_STYLE = Automatic;
				CURRENT_PROJECT_VERSION = 1;
				DEVELOPMENT_TEAM = Z42WC948D7;
				GENERATE_INFOPLIST_FILE = YES;
				MARKETING_VERSION = 1.0;
				PRODUCT_BUNDLE_IDENTIFIER = "jonathan.Mini3-AsthmaApp-Watch-AppTests";
				PRODUCT_NAME = "$(TARGET_NAME)";
				SDKROOT = watchos;
				SWIFT_EMIT_LOC_STRINGS = NO;
				SWIFT_VERSION = 5.0;
				TARGETED_DEVICE_FAMILY = 4;
				TEST_HOST = "$(BUILT_PRODUCTS_DIR)/Mini3_AsthmaApp Watch App.app/$(BUNDLE_EXECUTABLE_FOLDER_PATH)/Mini3_AsthmaApp Watch App";
				VALIDATE_PRODUCT = YES;
				WATCHOS_DEPLOYMENT_TARGET = 10.2;
			};
			name = Release;
		};
		DCB879092C6DF1B500A88AAD /* Debug */ = {
			isa = XCBuildConfiguration;
			buildSettings = {
				ALWAYS_EMBED_SWIFT_STANDARD_LIBRARIES = YES;
				CODE_SIGN_STYLE = Automatic;
				CURRENT_PROJECT_VERSION = 1;
				DEVELOPMENT_TEAM = Z42WC948D7;
				GENERATE_INFOPLIST_FILE = YES;
				MARKETING_VERSION = 1.0;
				PRODUCT_BUNDLE_IDENTIFIER = "jonathan.Mini3-AsthmaApp-Watch-AppUITests";
				PRODUCT_NAME = "$(TARGET_NAME)";
				SDKROOT = watchos;
				SWIFT_EMIT_LOC_STRINGS = NO;
				SWIFT_VERSION = 5.0;
				TARGETED_DEVICE_FAMILY = 4;
				TEST_TARGET_NAME = "Mini3_AsthmaApp Watch App";
				WATCHOS_DEPLOYMENT_TARGET = 10.2;
			};
			name = Debug;
		};
		DCB8790A2C6DF1B500A88AAD /* Release */ = {
			isa = XCBuildConfiguration;
			buildSettings = {
				ALWAYS_EMBED_SWIFT_STANDARD_LIBRARIES = YES;
				CODE_SIGN_STYLE = Automatic;
				CURRENT_PROJECT_VERSION = 1;
				DEVELOPMENT_TEAM = Z42WC948D7;
				GENERATE_INFOPLIST_FILE = YES;
				MARKETING_VERSION = 1.0;
				PRODUCT_BUNDLE_IDENTIFIER = "jonathan.Mini3-AsthmaApp-Watch-AppUITests";
				PRODUCT_NAME = "$(TARGET_NAME)";
				SDKROOT = watchos;
				SWIFT_EMIT_LOC_STRINGS = NO;
				SWIFT_VERSION = 5.0;
				TARGETED_DEVICE_FAMILY = 4;
				TEST_TARGET_NAME = "Mini3_AsthmaApp Watch App";
				VALIDATE_PRODUCT = YES;
				WATCHOS_DEPLOYMENT_TARGET = 10.2;
			};
			name = Release;
		};
/* End XCBuildConfiguration section */

/* Begin XCConfigurationList section */
		DCB878A72C6DF1B200A88AAD /* Build configuration list for PBXProject "Mini3_AsthmaApp" */ = {
			isa = XCConfigurationList;
			buildConfigurations = (
				DCB878F62C6DF1B500A88AAD /* Debug */,
				DCB878F72C6DF1B500A88AAD /* Release */,
			);
			defaultConfigurationIsVisible = 0;
			defaultConfigurationName = Release;
		};
		DCB878F82C6DF1B500A88AAD /* Build configuration list for PBXNativeTarget "Mini3_AsthmaApp Watch App" */ = {
			isa = XCConfigurationList;
			buildConfigurations = (
				DCB878F92C6DF1B500A88AAD /* Debug */,
				DCB878FA2C6DF1B500A88AAD /* Release */,
			);
			defaultConfigurationIsVisible = 0;
			defaultConfigurationName = Release;
		};
		DCB878FC2C6DF1B500A88AAD /* Build configuration list for PBXNativeTarget "Mini3_AsthmaApp" */ = {
			isa = XCConfigurationList;
			buildConfigurations = (
				DCB878FD2C6DF1B500A88AAD /* Debug */,
				DCB878FE2C6DF1B500A88AAD /* Release */,
			);
			defaultConfigurationIsVisible = 0;
			defaultConfigurationName = Release;
		};
		DCB878FF2C6DF1B500A88AAD /* Build configuration list for PBXNativeTarget "Mini3_AsthmaAppTests" */ = {
			isa = XCConfigurationList;
			buildConfigurations = (
				DCB879002C6DF1B500A88AAD /* Debug */,
				DCB879012C6DF1B500A88AAD /* Release */,
			);
			defaultConfigurationIsVisible = 0;
			defaultConfigurationName = Release;
		};
		DCB879022C6DF1B500A88AAD /* Build configuration list for PBXNativeTarget "Mini3_AsthmaAppUITests" */ = {
			isa = XCConfigurationList;
			buildConfigurations = (
				DCB879032C6DF1B500A88AAD /* Debug */,
				DCB879042C6DF1B500A88AAD /* Release */,
			);
			defaultConfigurationIsVisible = 0;
			defaultConfigurationName = Release;
		};
		DCB879052C6DF1B500A88AAD /* Build configuration list for PBXNativeTarget "Mini3_AsthmaApp Watch AppTests" */ = {
			isa = XCConfigurationList;
			buildConfigurations = (
				DCB879062C6DF1B500A88AAD /* Debug */,
				DCB879072C6DF1B500A88AAD /* Release */,
			);
			defaultConfigurationIsVisible = 0;
			defaultConfigurationName = Release;
		};
		DCB879082C6DF1B500A88AAD /* Build configuration list for PBXNativeTarget "Mini3_AsthmaApp Watch AppUITests" */ = {
			isa = XCConfigurationList;
			buildConfigurations = (
				DCB879092C6DF1B500A88AAD /* Debug */,
				DCB8790A2C6DF1B500A88AAD /* Release */,
			);
			defaultConfigurationIsVisible = 0;
			defaultConfigurationName = Release;
		};
/* End XCConfigurationList section */
	};
	rootObject = DCB878A42C6DF1B200A88AAD /* Project object */;
}
